
Microsoft Visual Studio Solution File, Format Version 12.00
# Visual Studio Version 16
VisualStudioVersion = 16.0.30104.148
MinimumVisualStudioVersion = 10.0.40219.1
Project("{FAE04EC0-301F-11D3-BF4B-00C04F79EFBC}") = "GraphQL", "GraphQL.csproj", "{98B22868-EABE-4375-BF39-BC13660CADC1}"
EndProject
Global
	GlobalSection(SolutionConfigurationPlatforms) = preSolution
		Debug|Any CPU = Debug|Any CPU
		Release|Any CPU = Release|Any CPU
	EndGlobalSection
	GlobalSection(ProjectConfigurationPlatforms) = postSolution
		{98B22868-EABE-4375-BF39-BC13660CADC1}.Debug|Any CPU.ActiveCfg = Debug|Any CPU
		{98B22868-EABE-4375-BF39-BC13660CADC1}.Debug|Any CPU.Build.0 = Debug|Any CPU
		{98B22868-EABE-4375-BF39-BC13660CADC1}.Release|Any CPU.ActiveCfg = Release|Any CPU
		{98B22868-EABE-4375-BF39-BC13660CADC1}.Release|Any CPU.Build.0 = Release|Any CPU
	EndGlobalSection
	GlobalSection(SolutionProperties) = preSolution
		HideSolutionNode = FALSE
	EndGlobalSection
	GlobalSection(ExtensibilityGlobals) = postSolution
		SolutionGuid = {144AE7BB-2802-4CD5-A3E3-E633EBA8415A}
	EndGlobalSection
EndGlobal
